
Microsoft Visual Studio Solution File, Format Version 12.00
# Visual Studio Version 17
VisualStudioVersion = 17.14.36310.24 d17.14
MinimumVisualStudioVersion = 10.0.40219.1
Project("{FAE04EC0-301F-11D3-BF4B-00C04F79EFBC}") = "Colecciones Genericas", "Colecciones Genericas\Colecciones Genericas.csproj", "{563B7A8A-46C2-4BFE-B45D-9B1F08DC5746}"
EndProject
Global
	GlobalSection(SolutionConfigurationPlatforms) = preSolution
		Debug|Any CPU = Debug|Any CPU
		Release|Any CPU = Release|Any CPU
	EndGlobalSection
	GlobalSection(ProjectConfigurationPlatforms) = postSolution
		{563B7A8A-46C2-4BFE-B45D-9B1F08DC5746}.Debug|Any CPU.ActiveCfg = Debug|Any CPU
		{563B7A8A-46C2-4BFE-B45D-9B1F08DC5746}.Debug|Any CPU.Build.0 = Debug|Any CPU
		{563B7A8A-46C2-4BFE-B45D-9B1F08DC5746}.Release|Any CPU.ActiveCfg = Release|Any CPU
		{563B7A8A-46C2-4BFE-B45D-9B1F08DC5746}.Release|Any CPU.Build.0 = Release|Any CPU
	EndGlobalSection
	GlobalSection(SolutionProperties) = preSolution
		HideSolutionNode = FALSE
	EndGlobalSection
	GlobalSection(ExtensibilityGlobals) = postSolution
		SolutionGuid = {ED2DB9D1-E9BA-43D5-AB3E-141109B58C1C}
	EndGlobalSection
EndGlobal
